
Microsoft Visual Studio Solution File, Format Version 12.00
# Visual Studio 15
VisualStudioVersion = 15.0.28307.645
MinimumVisualStudioVersion = 10.0.40219.1
Project("{FAE04EC0-301F-11D3-BF4B-00C04F79EFBC}") = "MVC_Evidence_Work_01", "MVC_Evidence_Work_01\MVC_Evidence_Work_01.csproj", "{A933FC01-1A57-4769-B550-BF627AEDA6FF}"
EndProject
Global
	GlobalSection(SolutionConfigurationPlatforms) = preSolution
		Debug|Any CPU = Debug|Any CPU
		Release|Any CPU = Release|Any CPU
	EndGlobalSection
	GlobalSection(ProjectConfigurationPlatforms) = postSolution
		{A933FC01-1A57-4769-B550-BF627AEDA6FF}.Debug|Any CPU.ActiveCfg = Debug|Any CPU
		{A933FC01-1A57-4769-B550-BF627AEDA6FF}.Debug|Any CPU.Build.0 = Debug|Any CPU
		{A933FC01-1A57-4769-B550-BF627AEDA6FF}.Release|Any CPU.ActiveCfg = Release|Any CPU
		{A933FC01-1A57-4769-B550-BF627AEDA6FF}.Release|Any CPU.Build.0 = Release|Any CPU
	EndGlobalSection
	GlobalSection(SolutionProperties) = preSolution
		HideSolutionNode = FALSE
	EndGlobalSection
	GlobalSection(ExtensibilityGlobals) = postSolution
		SolutionGuid = {E3C4947F-0DC1-4FF6-B804-5E101106FD30}
	EndGlobalSection
EndGlobal
